{
  "name": "smartsite-platform",
  "lockfileVersion": 3,
  "requires": true,
  "packages": {
    "": {
      "dependencies": {
        "@syncfusion/ej2-react-kanban": "^32.2.7",
        "gantt-task-react": "^0.3.9"
      }
    },
    "node_modules/@syncfusion/ej2-base": {
      "version": "32.2.6",
      "resolved": "https://registry.npmjs.org/@syncfusion/ej2-base/-/ej2-base-32.2.6.tgz",
      "integrity": "sha512-H7L8WT0+o5oSo+CTGjSWj5H+UFkQSEgkC5YpLMZJ+/LkdVTrTnw+iuwdWwd8miNEualm12QmZf8RnXccHPfg9w==",
      "license": "SEE LICENSE IN license",
      "dependencies": {
        "@syncfusion/ej2-icons": "~32.2.3"
      },
      "bin": {
        "syncfusion-license": "bin/syncfusion-license.js"
      }
    },
    "node_modules/@syncfusion/ej2-buttons": {
      "version": "32.2.7",
      "resolved": "https://registry.npmjs.org/@syncfusion/ej2-buttons/-/ej2-buttons-32.2.7.tgz",
      "integrity": "sha512-mDE4pfF9dBrBwwuTztRjaTDWtqnSLKYX7Uu2sjwM0qpJsn7kDh6ld6qhA32JKOJEu2esCvS7zcD2ElOgry21uA==",
      "license": "SEE LICENSE IN license",
      "dependencies": {
        "@syncfusion/ej2-base": "~32.2.6"
      }
    },
    "node_modules/@syncfusion/ej2-data": {
      "version": "32.2.3",
      "resolved": "https://registry.npmjs.org/@syncfusion/ej2-data/-/ej2-data-32.2.3.tgz",
      "integrity": "sha512-5m/8v7MLl2m63QNj++oVh/It82pGdB1mL3M8rxTnKni3w5L4tWb78s5LNKEzvz4x8/lcaC3Kg5vnS8ZJqNOI2g==",
      "license": "SEE LICENSE IN license",
      "dependencies": {
        "@syncfusion/ej2-base": "~32.2.3"
      }
    },
    "node_modules/@syncfusion/ej2-dropdowns": {
      "version": "32.2.8",
      "resolved": "https://registry.npmjs.org/@syncfusion/ej2-dropdowns/-/ej2-dropdowns-32.2.8.tgz",
      "integrity": "sha512-QFkIQwVfPMa/tNm0Uj3UzzRLWp1RYawDIRUEu069fHtTXjvt/2rC3SYh03RPbSOvc/JoXBtUxlSX/O4HOGro1A==",
      "license": "SEE LICENSE IN license",
      "dependencies": {
        "@syncfusion/ej2-base": "~32.2.6",
        "@syncfusion/ej2-data": "~32.2.3",
        "@syncfusion/ej2-inputs": "~32.2.8",
        "@syncfusion/ej2-lists": "~32.2.7",
        "@syncfusion/ej2-navigations": "~32.2.8",
        "@syncfusion/ej2-notifications": "~32.2.3",
        "@syncfusion/ej2-popups": "~32.2.8"
      }
    },
    "node_modules/@syncfusion/ej2-icons": {
      "version": "32.2.3",
      "resolved": "https://registry.npmjs.org/@syncfusion/ej2-icons/-/ej2-icons-32.2.3.tgz",
      "integrity": "sha512-bZn+4SWasVNRLB0C1Gt6Z4NAM1MDYIqU/uRlhAPJK9itPAvxo3buQAcrokm+3te6k39vxwFuNlMn0dFoI1zWuw==",
      "license": "SEE LICENSE IN license"
    },
    "node_modules/@syncfusion/ej2-inputs": {
      "version": "32.2.8",
      "resolved": "https://registry.npmjs.org/@syncfusion/ej2-inputs/-/ej2-inputs-32.2.8.tgz",
      "integrity": "sha512-r+gFEAjrd4k+J9p8I9a0xfUCYNjH+S6zdspT0+5cIsJA3imLl8RvuNOVQpQA58mTXVEjdwe+0Qa17jA2Y9cYNw==",
      "license": "SEE LICENSE IN license",
      "dependencies": {
        "@syncfusion/ej2-base": "~32.2.6",
        "@syncfusion/ej2-buttons": "~32.2.7",
        "@syncfusion/ej2-popups": "~32.2.8",
        "@syncfusion/ej2-splitbuttons": "~32.2.7"
      }
    },
    "node_modules/@syncfusion/ej2-kanban": {
      "version": "32.2.7",
      "resolved": "https://registry.npmjs.org/@syncfusion/ej2-kanban/-/ej2-kanban-32.2.7.tgz",
      "integrity": "sha512-i8iEoz0aTBGHu8pnEtKQ7OpuCPzvWcxzNjoeICvkZREEnLt3QmAH5iVdOtarcCsMoBhJkys6HTrl4L6FWVsLbQ==",
      "license": "SEE LICENSE IN license",
      "dependencies": {
        "@syncfusion/ej2-base": "~32.2.6",
        "@syncfusion/ej2-buttons": "~32.2.7",
        "@syncfusion/ej2-data": "~32.2.3",
        "@syncfusion/ej2-dropdowns": "~32.2.7",
        "@syncfusion/ej2-inputs": "~32.2.7",
        "@syncfusion/ej2-layouts": "~32.2.3",
        "@syncfusion/ej2-navigations": "~32.2.7",
        "@syncfusion/ej2-notifications": "~32.2.3",
        "@syncfusion/ej2-popups": "~32.2.7"
      }
    },
    "node_modules/@syncfusion/ej2-layouts": {
      "version": "32.2.3",
      "resolved": "https://registry.npmjs.org/@syncfusion/ej2-layouts/-/ej2-layouts-32.2.3.tgz",
      "integrity": "sha512-j0R+OlyzYpwhlXQCgILWRqelc0TF5Ha1HyLDvYbyI/vLyelFR83NG83xeOHv+QtZFwJtCuyTn7ILfdlLdFiqEA==",
      "license": "SEE LICENSE IN license",
      "dependencies": {
        "@syncfusion/ej2-base": "~32.2.3"
      }
    },
    "node_modules/@syncfusion/ej2-lists": {
      "version": "32.2.7",
      "resolved": "https://registry.npmjs.org/@syncfusion/ej2-lists/-/ej2-lists-32.2.7.tgz",
      "integrity": "sha512-S5izl23SMMEbet8wU7NvplzjHxiMgdpGeY6NYaJjw2nNvC/D0Lm07Kh7yF9AZwpg7LOS7ckmBPO1GmSG1ApP1g==",
      "license": "SEE LICENSE IN license",
      "dependencies": {
        "@syncfusion/ej2-base": "~32.2.6",
        "@syncfusion/ej2-buttons": "~32.2.7",
        "@syncfusion/ej2-data": "~32.2.3",
        "@syncfusion/ej2-popups": "~32.2.7"
      }
    },
    "node_modules/@syncfusion/ej2-navigations": {
      "version": "32.2.8",
      "resolved": "https://registry.npmjs.org/@syncfusion/ej2-navigations/-/ej2-navigations-32.2.8.tgz",
      "integrity": "sha512-l842BgZxDpouCVoNm60hH0u+foTirPyV4KLbLP8FFo1mK7GqZe5kmIoKOSTFiBc3eJ/QWv6WYjgIH1cCc8nfsA==",
      "license": "SEE LICENSE IN license",
      "dependencies": {
        "@syncfusion/ej2-base": "~32.2.6",
        "@syncfusion/ej2-buttons": "~32.2.7",
        "@syncfusion/ej2-data": "~32.2.3",
        "@syncfusion/ej2-inputs": "~32.2.8",
        "@syncfusion/ej2-lists": "~32.2.7",
        "@syncfusion/ej2-popups": "~32.2.8"
      }
    },
    "node_modules/@syncfusion/ej2-notifications": {
      "version": "32.2.3",
      "resolved": "https://registry.npmjs.org/@syncfusion/ej2-notifications/-/ej2-notifications-32.2.3.tgz",
      "integrity": "sha512-+9RT5ml9JGCcnZ5grbyC6skwL9lIahedDUnS7kcHIiqHNoyJ+SJnp8qzilI4K7AjvdLvnme7LEd5wN4eZVh8UA==",
      "license": "SEE LICENSE IN license",
      "dependencies": {
        "@syncfusion/ej2-base": "~32.2.3",
        "@syncfusion/ej2-buttons": "~32.2.3",
        "@syncfusion/ej2-popups": "~32.2.3"
      }
    },
    "node_modules/@syncfusion/ej2-popups": {
      "version": "32.2.8",
      "resolved": "https://registry.npmjs.org/@syncfusion/ej2-popups/-/ej2-popups-32.2.8.tgz",
      "integrity": "sha512-yIbsv+X2Vgb3tpJ1K+HyS10tmH6ifpmNGfrYFTqxmMwVuB/77apMMa6yJrkAoCtWPuE2sP0AuAIhxW4b5mxNkw==",
      "license": "SEE LICENSE IN license",
      "dependencies": {
        "@syncfusion/ej2-base": "~32.2.6",
        "@syncfusion/ej2-buttons": "~32.2.7"
      }
    },
    "node_modules/@syncfusion/ej2-react-base": {
      "version": "32.2.3",
      "resolved": "https://registry.npmjs.org/@syncfusion/ej2-react-base/-/ej2-react-base-32.2.3.tgz",
      "integrity": "sha512-xAh78u1v4QSce/KlDIcZiZmjiGwmEFIjWqFRAqI69YJ8vdfmrrITj9ybZiWYtcDXvsxgWAhOvX6uPE3neI3vqg==",
      "license": "SEE LICENSE IN license",
      "dependencies": {
        "@syncfusion/ej2-base": "~32.2.3"
      }
    },
    "node_modules/@syncfusion/ej2-react-kanban": {
      "version": "32.2.7",
      "resolved": "https://registry.npmjs.org/@syncfusion/ej2-react-kanban/-/ej2-react-kanban-32.2.7.tgz",
      "integrity": "sha512-fDmylXOMaYlpyRkJKqjgCuvHkXbWJ90lses/JcMOdtMkd3gVfbRc/aMQRHWGPWYeyYlazJ2WB2eGDNtcc22Ptw==",
      "license": "SEE LICENSE IN license",
      "dependencies": {
        "@syncfusion/ej2-base": "~32.2.6",
        "@syncfusion/ej2-kanban": "32.2.7",
        "@syncfusion/ej2-react-base": "~32.2.3"
      }
    },
    "node_modules/@syncfusion/ej2-splitbuttons": {
      "version": "32.2.7",
      "resolved": "https://registry.npmjs.org/@syncfusion/ej2-splitbuttons/-/ej2-splitbuttons-32.2.7.tgz",
      "integrity": "sha512-jOrDYB2rJlJx2OjQCMc+ECU13kiHNAx1ypffufKacMDVBo89sKHkFfW3qOjo9IK/XessQqS9/ogBNaa+EXSsGQ==",
      "license": "SEE LICENSE IN license",
      "dependencies": {
        "@syncfusion/ej2-base": "~32.2.6",
        "@syncfusion/ej2-popups": "~32.2.7"
      }
    },
    "node_modules/gantt-task-react": {
      "version": "0.3.9",
      "resolved": "https://registry.npmjs.org/gantt-task-react/-/gantt-task-react-0.3.9.tgz",
      "integrity": "sha512-ged2OGrAJJ+ATrfVVkd4/8cUu4jOu1mXi0NaBeKx4uoGP6YhyryL+Snr2OY48AXdFelUAg7BbqylSej9X6PCCQ==",
      "license": "MIT",
      "engines": {
        "node": ">=10"
      },
      "peerDependencies": {
        "react": "^18.0.0"
      }
    },
    "node_modules/js-tokens": {
      "version": "4.0.0",
      "resolved": "https://registry.npmjs.org/js-tokens/-/js-tokens-4.0.0.tgz",
      "integrity": "sha512-RdJUflcE3cUzKiMqQgsCu06FPu9UdIJO0beYbPhHN4k6apgJtifcoCtT9bcxOpYBtpD2kCM6Sbzg4CausW/PKQ==",
      "license": "MIT",
      "peer": true
    },
    "node_modules/loose-envify": {
      "version": "1.4.0",
      "resolved": "https://registry.npmjs.org/loose-envify/-/loose-envify-1.4.0.tgz",
      "integrity": "sha512-lyuxPGr/Wfhrlem2CL/UcnUc1zcqKAImBDzukY7Y5F/yQiNdko6+fRLevlw1HgMySw7f611UIY408EtxRSoK3Q==",
      "license": "MIT",
      "peer": true,
      "dependencies": {
        "js-tokens": "^3.0.0 || ^4.0.0"
      },
      "bin": {
        "loose-envify": "cli.js"
      }
    },
    "node_modules/react": {
      "version": "18.3.1",
      "resolved": "https://registry.npmjs.org/react/-/react-18.3.1.tgz",
      "integrity": "sha512-wS+hAgJShR0KhEvPJArfuPVN1+Hz1t0Y6n5jLrGQbkb4urgPE/0Rve+1kMB1v/oWgHgm4WIcV+i7F2pTVj+2iQ==",
      "license": "MIT",
      "peer": true,
      "dependencies": {
        "loose-envify": "^1.1.0"
      },
      "engines": {
        "node": ">=0.10.0"
      }
    }
  }
}
